// !$*UTF8*$!
{
	archiveVersion = 1;
	classes = {
	};
	objectVersion = 56;
	objects = {

/* Begin PBXBuildFile section */
		ACA3D8AB2959B7260031547C /* PrivateFileSharingAppApp.swift in Sources */ = {isa = PBXBuildFile; fileRef = ACA3D8AA2959B7260031547C /* PrivateFileSharingAppApp.swift */; };
		ACA3D8AF2959B7280031547C /* Assets.xcassets in Resources */ = {isa = PBXBuildFile; fileRef = ACA3D8AE2959B7280031547C /* Assets.xcassets */; };
		ACA3D8B22959B7280031547C /* Preview Assets.xcassets in Resources */ = {isa = PBXBuildFile; fileRef = ACA3D8B12959B7280031547C /* Preview Assets.xcassets */; };
		ACA3D8CA2959B92D0031547C /* ContentView.swift in Sources */ = {isa = PBXBuildFile; fileRef = ACA3D8C92959B92D0031547C /* ContentView.swift */; };
		ACA3D8CD2959B97B0031547C /* RegexFormItem.swift in Sources */ = {isa = PBXBuildFile; fileRef = ACA3D8CC2959B97B0031547C /* RegexFormItem.swift */; };
		ACA3D8CF2959B99C0031547C /* Rules.swift in Sources */ = {isa = PBXBuildFile; fileRef = ACA3D8CE2959B99C0031547C /* Rules.swift */; };
		ACA3D8D12959B9B40031547C /* ValidationError.swift in Sources */ = {isa = PBXBuildFile; fileRef = ACA3D8D02959B9B40031547C /* ValidationError.swift */; };
		ACA3D8D32959B9D10031547C /* ValidationManager.swift in Sources */ = {isa = PBXBuildFile; fileRef = ACA3D8D22959B9D10031547C /* ValidationManager.swift */; };
		ACA3D8D52959B9EB0031547C /* FormState.swift in Sources */ = {isa = PBXBuildFile; fileRef = ACA3D8D42959B9EB0031547C /* FormState.swift */; };
		ACA3D8D82959BA200031547C /* TextFieldFormView.swift in Sources */ = {isa = PBXBuildFile; fileRef = ACA3D8D72959BA200031547C /* TextFieldFormView.swift */; };
		ACA3D8DA2959BA420031547C /* ButtonFormView.swift in Sources */ = {isa = PBXBuildFile; fileRef = ACA3D8D92959BA420031547C /* ButtonFormView.swift */; };
		ACA3D8DD2959BA770031547C /* FormContentBuilder.swift in Sources */ = {isa = PBXBuildFile; fileRef = ACA3D8DC2959BA770031547C /* FormContentBuilder.swift */; };
		ACA3D8E02959BAA80031547C /* FormItem.swift in Sources */ = {isa = PBXBuildFile; fileRef = ACA3D8DF2959BAA80031547C /* FormItem.swift */; };
		ACA3D8E62959BCBD0031547C /* TxtHadingComponent.swift in Sources */ = {isa = PBXBuildFile; fileRef = ACA3D8E52959BCBD0031547C /* TxtHadingComponent.swift */; };
		ACA3D8E82959BD120031547C /* TxtTagComponent.swift in Sources */ = {isa = PBXBuildFile; fileRef = ACA3D8E72959BD120031547C /* TxtTagComponent.swift */; };
		ACA3D8EA2959BD4D0031547C /* BtnTextComponent.swift in Sources */ = {isa = PBXBuildFile; fileRef = ACA3D8E92959BD4D0031547C /* BtnTextComponent.swift */; };
/* End PBXBuildFile section */

/* Begin PBXFileReference section */
		ACA3D8A72959B7260031547C /* PrivateFileSharingApp.app */ = {isa = PBXFileReference; explicitFileType = wrapper.application; includeInIndex = 0; path = PrivateFileSharingApp.app; sourceTree = BUILT_PRODUCTS_DIR; };
		ACA3D8AA2959B7260031547C /* PrivateFileSharingAppApp.swift */ = {isa = PBXFileReference; lastKnownFileType = sourcecode.swift; path = PrivateFileSharingAppApp.swift; sourceTree = "<group>"; };
		ACA3D8AE2959B7280031547C /* Assets.xcassets */ = {isa = PBXFileReference; lastKnownFileType = folder.assetcatalog; path = Assets.xcassets; sourceTree = "<group>"; };
		ACA3D8B12959B7280031547C /* Preview Assets.xcassets */ = {isa = PBXFileReference; lastKnownFileType = folder.assetcatalog; path = "Preview Assets.xcassets"; sourceTree = "<group>"; };
		ACA3D8C92959B92D0031547C /* ContentView.swift */ = {isa = PBXFileReference; lastKnownFileType = sourcecode.swift; path = ContentView.swift; sourceTree = "<group>"; };
		ACA3D8CC2959B97B0031547C /* RegexFormItem.swift */ = {isa = PBXFileReference; lastKnownFileType = sourcecode.swift; path = RegexFormItem.swift; sourceTree = "<group>"; };
		ACA3D8CE2959B99C0031547C /* Rules.swift */ = {isa = PBXFileReference; lastKnownFileType = sourcecode.swift; path = Rules.swift; sourceTree = "<group>"; };
		ACA3D8D02959B9B40031547C /* ValidationError.swift */ = {isa = PBXFileReference; lastKnownFileType = sourcecode.swift; path = ValidationError.swift; sourceTree = "<group>"; };
		ACA3D8D22959B9D10031547C /* ValidationManager.swift */ = {isa = PBXFileReference; lastKnownFileType = sourcecode.swift; path = ValidationManager.swift; sourceTree = "<group>"; };
		ACA3D8D42959B9EB0031547C /* FormState.swift */ = {isa = PBXFileReference; lastKnownFileType = sourcecode.swift; path = FormState.swift; sourceTree = "<group>"; };
		ACA3D8D72959BA200031547C /* TextFieldFormView.swift */ = {isa = PBXFileReference; lastKnownFileType = sourcecode.swift; path = TextFieldFormView.swift; sourceTree = "<group>"; };
		ACA3D8D92959BA420031547C /* ButtonFormView.swift */ = {isa = PBXFileReference; lastKnownFileType = sourcecode.swift; path = ButtonFormView.swift; sourceTree = "<group>"; };
		ACA3D8DC2959BA770031547C /* FormContentBuilder.swift */ = {isa = PBXFileReference; lastKnownFileType = sourcecode.swift; path = FormContentBuilder.swift; sourceTree = "<group>"; };
		ACA3D8DF2959BAA80031547C /* FormItem.swift */ = {isa = PBXFileReference; lastKnownFileType = sourcecode.swift; path = FormItem.swift; sourceTree = "<group>"; };
		ACA3D8E32959BC620031547C /* Genos-Regular.ttf */ = {isa = PBXFileReference; lastKnownFileType = file; path = "Genos-Regular.ttf"; sourceTree = "<group>"; };
		ACA3D8E42959BC680031547C /* Genos-Medium.ttf */ = {isa = PBXFileReference; lastKnownFileType = file; path = "Genos-Medium.ttf"; sourceTree = "<group>"; };
		ACA3D8E52959BCBD0031547C /* TxtHadingComponent.swift */ = {isa = PBXFileReference; lastKnownFileType = sourcecode.swift; path = TxtHadingComponent.swift; sourceTree = "<group>"; };
		ACA3D8E72959BD120031547C /* TxtTagComponent.swift */ = {isa = PBXFileReference; lastKnownFileType = sourcecode.swift; path = TxtTagComponent.swift; sourceTree = "<group>"; };
		ACA3D8E92959BD4D0031547C /* BtnTextComponent.swift */ = {isa = PBXFileReference; lastKnownFileType = sourcecode.swift; path = BtnTextComponent.swift; sourceTree = "<group>"; };
/* End PBXFileReference section */

/* Begin PBXFrameworksBuildPhase section */
		ACA3D8A42959B7260031547C /* Frameworks */ = {
			isa = PBXFrameworksBuildPhase;
			buildActionMask = 2147483647;
			files = (
			);
			runOnlyForDeploymentPostprocessing = 0;
		};
/* End PBXFrameworksBuildPhase section */

/* Begin PBXGroup section */
		ACA3D89E2959B7260031547C = {
			isa = PBXGroup;
			children = (
				ACA3D8E22959BC500031547C /* Font */,
				ACA3D8DE2959BA940031547C /* Model */,
				ACA3D8DB2959BA580031547C /* Builder */,
				ACA3D8D62959B9FE0031547C /* Component */,
				ACA3D8CB2959B95D0031547C /* Validation */,
				ACA3D8C42959B8750031547C /* View */,
				ACA3D8A92959B7260031547C /* PrivateFileSharingApp */,
				ACA3D8A82959B7260031547C /* Products */,
			);
			sourceTree = "<group>";
		};
		ACA3D8A82959B7260031547C /* Products */ = {
			isa = PBXGroup;
			children = (
				ACA3D8A72959B7260031547C /* PrivateFileSharingApp.app */,
			);
			name = Products;
			sourceTree = "<group>";
		};
		ACA3D8A92959B7260031547C /* PrivateFileSharingApp */ = {
			isa = PBXGroup;
			children = (
				ACA3D8AA2959B7260031547C /* PrivateFileSharingAppApp.swift */,
				ACA3D8AE2959B7280031547C /* Assets.xcassets */,
				ACA3D8B02959B7280031547C /* Preview Content */,
				ACA3D8C92959B92D0031547C /* ContentView.swift */,
			);
			path = PrivateFileSharingApp;
			sourceTree = "<group>";
		};
		ACA3D8B02959B7280031547C /* Preview Content */ = {
			isa = PBXGroup;
			children = (
				ACA3D8B12959B7280031547C /* Preview Assets.xcassets */,
			);
			path = "Preview Content";
			sourceTree = "<group>";
		};
		ACA3D8C42959B8750031547C /* View */ = {
			isa = PBXGroup;
			children = (
			);
			path = View;
			sourceTree = "<group>";
		};
		ACA3D8CB2959B95D0031547C /* Validation */ = {
			isa = PBXGroup;
			children = (
				ACA3D8CC2959B97B0031547C /* RegexFormItem.swift */,
				ACA3D8CE2959B99C0031547C /* Rules.swift */,
				ACA3D8D02959B9B40031547C /* ValidationError.swift */,
				ACA3D8D22959B9D10031547C /* ValidationManager.swift */,
				ACA3D8D42959B9EB0031547C /* FormState.swift */,
			);
			path = Validation;
			sourceTree = "<group>";
		};
		ACA3D8D62959B9FE0031547C /* Component */ = {
			isa = PBXGroup;
			children = (
				ACA3D8D72959BA200031547C /* TextFieldFormView.swift */,
				ACA3D8D92959BA420031547C /* ButtonFormView.swift */,
				ACA3D8E52959BCBD0031547C /* TxtHadingComponent.swift */,
				ACA3D8E72959BD120031547C /* TxtTagComponent.swift */,
				ACA3D8E92959BD4D0031547C /* BtnTextComponent.swift */,
			);
			path = Component;
			sourceTree = "<group>";
		};
		ACA3D8DB2959BA580031547C /* Builder */ = {
			isa = PBXGroup;
			children = (
				ACA3D8DC2959BA770031547C /* FormContentBuilder.swift */,
			);
			path = Builder;
			sourceTree = "<group>";
		};
		ACA3D8DE2959BA940031547C /* Model */ = {
			isa = PBXGroup;
			children = (
				ACA3D8DF2959BAA80031547C /* FormItem.swift */,
			);
			path = Model;
			sourceTree = "<group>";
		};
		ACA3D8E22959BC500031547C /* Font */ = {
			isa = PBXGroup;
			children = (
				ACA3D8E32959BC620031547C /* Genos-Regular.ttf */,
				ACA3D8E42959BC680031547C /* Genos-Medium.ttf */,
			);
			path = Font;
			sourceTree = "<group>";
		};
/* End PBXGroup section */

/* Begin PBXNativeTarget section */
		ACA3D8A62959B7260031547C /* PrivateFileSharingApp */ = {
			isa = PBXNativeTarget;
			buildConfigurationList = ACA3D8B52959B7280031547C /* Build configuration list for PBXNativeTarget "PrivateFileSharingApp" */;
			buildPhases = (
				ACA3D8A32959B7260031547C /* Sources */,
				ACA3D8A42959B7260031547C /* Frameworks */,
				ACA3D8A52959B7260031547C /* Resources */,
			);
			buildRules = (
			);
			dependencies = (
			);
			name = PrivateFileSharingApp;
			productName = PrivateFileSharingApp;
			productReference = ACA3D8A72959B7260031547C /* PrivateFileSharingApp.app */;
			productType = "com.apple.product-type.application";
		};
/* End PBXNativeTarget section */

/* Begin PBXProject section */
		ACA3D89F2959B7260031547C /* Project object */ = {
			isa = PBXProject;
			attributes = {
				BuildIndependentTargetsInParallel = 1;
				LastSwiftUpdateCheck = 1410;
				LastUpgradeCheck = 1410;
				TargetAttributes = {
					ACA3D8A62959B7260031547C = {
						CreatedOnToolsVersion = 14.1;
					};
				};
			};
			buildConfigurationList = ACA3D8A22959B7260031547C /* Build configuration list for PBXProject "PrivateFileSharingApp" */;
			compatibilityVersion = "Xcode 14.0";
			developmentRegion = en;
			hasScannedForEncodings = 0;
			knownRegions = (
				en,
				Base,
			);
			mainGroup = ACA3D89E2959B7260031547C;
			productRefGroup = ACA3D8A82959B7260031547C /* Products */;
			projectDirPath = "";
			projectRoot = "";
			targets = (
				ACA3D8A62959B7260031547C /* PrivateFileSharingApp */,
			);
		};
/* End PBXProject section */

/* Begin PBXResourcesBuildPhase section */
		ACA3D8A52959B7260031547C /* Resources */ = {
			isa = PBXResourcesBuildPhase;
			buildActionMask = 2147483647;
			files = (
				ACA3D8B22959B7280031547C /* Preview Assets.xcassets in Resources */,
				ACA3D8AF2959B7280031547C /* Assets.xcassets in Resources */,
			);
			runOnlyForDeploymentPostprocessing = 0;
		};
/* End PBXResourcesBuildPhase section */

/* Begin PBXSourcesBuildPhase section */
		ACA3D8A32959B7260031547C /* Sources */ = {
			isa = PBXSourcesBuildPhase;
			buildActionMask = 2147483647;
			files = (
				ACA3D8D32959B9D10031547C /* ValidationManager.swift in Sources */,
				ACA3D8CD2959B97B0031547C /* RegexFormItem.swift in Sources */,
				ACA3D8D82959BA200031547C /* TextFieldFormView.swift in Sources */,
				ACA3D8DA2959BA420031547C /* ButtonFormView.swift in Sources */,
				ACA3D8D52959B9EB0031547C /* FormState.swift in Sources */,
				ACA3D8E62959BCBD0031547C /* TxtHadingComponent.swift in Sources */,
				ACA3D8E82959BD120031547C /* TxtTagComponent.swift in Sources */,
				ACA3D8EA2959BD4D0031547C /* BtnTextComponent.swift in Sources */,
				ACA3D8DD2959BA770031547C /* FormContentBuilder.swift in Sources */,
				ACA3D8E02959BAA80031547C /* FormItem.swift in Sources */,
				ACA3D8D12959B9B40031547C /* ValidationError.swift in Sources */,
				ACA3D8CF2959B99C0031547C /* Rules.swift in Sources */,
				ACA3D8CA2959B92D0031547C /* ContentView.swift in Sources */,
				ACA3D8AB2959B7260031547C /* PrivateFileSharingAppApp.swift in Sources */,
			);
			runOnlyForDeploymentPostprocessing = 0;
		};
/* End PBXSourcesBuildPhase section */

/* Begin XCBuildConfiguration section */
		ACA3D8B32959B7280031547C /* Debug */ = {
			isa = XCBuildConfiguration;
			buildSettings = {
				ALWAYS_SEARCH_USER_PATHS = NO;
				CLANG_ANALYZER_NONNULL = YES;
				CLANG_ANALYZER_NUMBER_OBJECT_CONVERSION = YES_AGGRESSIVE;
				CLANG_CXX_LANGUAGE_STANDARD = "gnu++20";
				CLANG_ENABLE_MODULES = YES;
				CLANG_ENABLE_OBJC_ARC = YES;
				CLANG_ENABLE_OBJC_WEAK = YES;
				CLANG_WARN_BLOCK_CAPTURE_AUTORELEASING = YES;
				CLANG_WARN_BOOL_CONVERSION = YES;
				CLANG_WARN_COMMA = YES;
				CLANG_WARN_CONSTANT_CONVERSION = YES;
				CLANG_WARN_DEPRECATED_OBJC_IMPLEMENTATIONS = YES;
				CLANG_WARN_DIRECT_OBJC_ISA_USAGE = YES_ERROR;
				CLANG_WARN_DOCUMENTATION_COMMENTS = YES;
				CLANG_WARN_EMPTY_BODY = YES;
				CLANG_WARN_ENUM_CONVERSION = YES;
				CLANG_WARN_INFINITE_RECURSION = YES;
				CLANG_WARN_INT_CONVERSION = YES;
				CLANG_WARN_NON_LITERAL_NULL_CONVERSION = YES;
				CLANG_WARN_OBJC_IMPLICIT_RETAIN_SELF = YES;
				CLANG_WARN_OBJC_LITERAL_CONVERSION = YES;
				CLANG_WARN_OBJC_ROOT_CLASS = YES_ERROR;
				CLANG_WARN_QUOTED_INCLUDE_IN_FRAMEWORK_HEADER = YES;
				CLANG_WARN_RANGE_LOOP_ANALYSIS = YES;
				CLANG_WARN_STRICT_PROTOTYPES = YES;
				CLANG_WARN_SUSPICIOUS_MOVE = YES;
				CLANG_WARN_UNGUARDED_AVAILABILITY = YES_AGGRESSIVE;
				CLANG_WARN_UNREACHABLE_CODE = YES;
				CLANG_WARN__DUPLICATE_METHOD_MATCH = YES;
				COPY_PHASE_STRIP = NO;
				DEBUG_INFORMATION_FORMAT = dwarf;
				ENABLE_STRICT_OBJC_MSGSEND = YES;
				ENABLE_TESTABILITY = YES;
				GCC_C_LANGUAGE_STANDARD = gnu11;
				GCC_DYNAMIC_NO_PIC = NO;
				GCC_NO_COMMON_BLOCKS = YES;
				GCC_OPTIMIZATION_LEVEL = 0;
				GCC_PREPROCESSOR_DEFINITIONS = (
					"DEBUG=1",
					"$(inherited)",
				);
				GCC_WARN_64_TO_32_BIT_CONVERSION = YES;
				GCC_WARN_ABOUT_RETURN_TYPE = YES_ERROR;
				GCC_WARN_UNDECLARED_SELECTOR = YES;
				GCC_WARN_UNINITIALIZED_AUTOS = YES_AGGRESSIVE;
				GCC_WARN_UNUSED_FUNCTION = YES;
				GCC_WARN_UNUSED_VARIABLE = YES;
				IPHONEOS_DEPLOYMENT_TARGET = 16.1;
				MTL_ENABLE_DEBUG_INFO = INCLUDE_SOURCE;
				MTL_FAST_MATH = YES;
				ONLY_ACTIVE_ARCH = YES;
				SDKROOT = iphoneos;
				SWIFT_ACTIVE_COMPILATION_CONDITIONS = DEBUG;
				SWIFT_OPTIMIZATION_LEVEL = "-Onone";
			};
			name = Debug;
		};
		ACA3D8B42959B7280031547C /* Release */ = {
			isa = XCBuildConfiguration;
			buildSettings = {
				ALWAYS_SEARCH_USER_PATHS = NO;
				CLANG_ANALYZER_NONNULL = YES;
				CLANG_ANALYZER_NUMBER_OBJECT_CONVERSION = YES_AGGRESSIVE;
				CLANG_CXX_LANGUAGE_STANDARD = "gnu++20";
				CLANG_ENABLE_MODULES = YES;
				CLANG_ENABLE_OBJC_ARC = YES;
				CLANG_ENABLE_OBJC_WEAK = YES;
				CLANG_WARN_BLOCK_CAPTURE_AUTORELEASING = YES;
				CLANG_WARN_BOOL_CONVERSION = YES;
				CLANG_WARN_COMMA = YES;
				CLANG_WARN_CONSTANT_CONVERSION = YES;
				CLANG_WARN_DEPRECATED_OBJC_IMPLEMENTATIONS = YES;
				CLANG_WARN_DIRECT_OBJC_ISA_USAGE = YES_ERROR;
				CLANG_WARN_DOCUMENTATION_COMMENTS = YES;
				CLANG_WARN_EMPTY_BODY = YES;
				CLANG_WARN_ENUM_CONVERSION = YES;
				CLANG_WARN_INFINITE_RECURSION = YES;
				CLANG_WARN_INT_CONVERSION = YES;
				CLANG_WARN_NON_LITERAL_NULL_CONVERSION = YES;
				CLANG_WARN_OBJC_IMPLICIT_RETAIN_SELF = YES;
				CLANG_WARN_OBJC_LITERAL_CONVERSION = YES;
				CLANG_WARN_OBJC_ROOT_CLASS = YES_ERROR;
				CLANG_WARN_QUOTED_INCLUDE_IN_FRAMEWORK_HEADER = YES;
				CLANG_WARN_RANGE_LOOP_ANALYSIS = YES;
				CLANG_WARN_STRICT_PROTOTYPES = YES;
				CLANG_WARN_SUSPICIOUS_MOVE = YES;
				CLANG_WARN_UNGUARDED_AVAILABILITY = YES_AGGRESSIVE;
				CLANG_WARN_UNREACHABLE_CODE = YES;
				CLANG_WARN__DUPLICATE_METHOD_MATCH = YES;
				COPY_PHASE_STRIP = NO;
				DEBUG_INFORMATION_FORMAT = "dwarf-with-dsym";
				ENABLE_NS_ASSERTIONS = NO;
				ENABLE_STRICT_OBJC_MSGSEND = YES;
				GCC_C_LANGUAGE_STANDARD = gnu11;
				GCC_NO_COMMON_BLOCKS = YES;
				GCC_WARN_64_TO_32_BIT_CONVERSION = YES;
				GCC_WARN_ABOUT_RETURN_TYPE = YES_ERROR;
				GCC_WARN_UNDECLARED_SELECTOR = YES;
				GCC_WARN_UNINITIALIZED_AUTOS = YES_AGGRESSIVE;
				GCC_WARN_UNUSED_FUNCTION = YES;
				GCC_WARN_UNUSED_VARIABLE = YES;
				IPHONEOS_DEPLOYMENT_TARGET = 16.1;
				MTL_ENABLE_DEBUG_INFO = NO;
				MTL_FAST_MATH = YES;
				SDKROOT = iphoneos;
				SWIFT_COMPILATION_MODE = wholemodule;
				SWIFT_OPTIMIZATION_LEVEL = "-O";
				VALIDATE_PRODUCT = YES;
			};
			name = Release;
		};
		ACA3D8B62959B7280031547C /* Debug */ = {
			isa = XCBuildConfiguration;
			buildSettings = {
				ASSETCATALOG_COMPILER_APPICON_NAME = AppIcon;
				ASSETCATALOG_COMPILER_GLOBAL_ACCENT_COLOR_NAME = AccentColor;
				CODE_SIGN_STYLE = Automatic;
				CURRENT_PROJECT_VERSION = 1;
				DEVELOPMENT_ASSET_PATHS = "\"PrivateFileSharingApp/Preview Content\"";
				ENABLE_PREVIEWS = YES;
				GENERATE_INFOPLIST_FILE = YES;
				INFOPLIST_KEY_UIApplicationSceneManifest_Generation = YES;
				INFOPLIST_KEY_UIApplicationSupportsIndirectInputEvents = YES;
				INFOPLIST_KEY_UILaunchScreen_Generation = YES;
				INFOPLIST_KEY_UISupportedInterfaceOrientations_iPad = "UIInterfaceOrientationPortrait UIInterfaceOrientationPortraitUpsideDown UIInterfaceOrientationLandscapeLeft UIInterfaceOrientationLandscapeRight";
				INFOPLIST_KEY_UISupportedInterfaceOrientations_iPhone = "UIInterfaceOrientationPortrait UIInterfaceOrientationLandscapeLeft UIInterfaceOrientationLandscapeRight";
				LD_RUNPATH_SEARCH_PATHS = (
					"$(inherited)",
					"@executable_path/Frameworks",
				);
				MARKETING_VERSION = 1.0;
				PRODUCT_BUNDLE_IDENTIFIER = Bhumika.PrivateFileSharingApp;
				PRODUCT_NAME = "$(TARGET_NAME)";
				SWIFT_EMIT_LOC_STRINGS = YES;
				SWIFT_VERSION = 5.0;
				TARGETED_DEVICE_FAMILY = "1,2";
			};
			name = Debug;
		};
		ACA3D8B72959B7280031547C /* Release */ = {
			isa = XCBuildConfiguration;
			buildSettings = {
				ASSETCATALOG_COMPILER_APPICON_NAME = AppIcon;
				ASSETCATALOG_COMPILER_GLOBAL_ACCENT_COLOR_NAME = AccentColor;
				CODE_SIGN_STYLE = Automatic;
				CURRENT_PROJECT_VERSION = 1;
				DEVELOPMENT_ASSET_PATHS = "\"PrivateFileSharingApp/Preview Content\"";
				ENABLE_PREVIEWS = YES;
				GENERATE_INFOPLIST_FILE = YES;
				INFOPLIST_KEY_UIApplicationSceneManifest_Generation = YES;
				INFOPLIST_KEY_UIApplicationSupportsIndirectInputEvents = YES;
				INFOPLIST_KEY_UILaunchScreen_Generation = YES;
				INFOPLIST_KEY_UISupportedInterfaceOrientations_iPad = "UIInterfaceOrientationPortrait UIInterfaceOrientationPortraitUpsideDown UIInterfaceOrientationLandscapeLeft UIInterfaceOrientationLandscapeRight";
				INFOPLIST_KEY_UISupportedInterfaceOrientations_iPhone = "UIInterfaceOrientationPortrait UIInterfaceOrientationLandscapeLeft UIInterfaceOrientationLandscapeRight";
				LD_RUNPATH_SEARCH_PATHS = (
					"$(inherited)",
					"@executable_path/Frameworks",
				);
				MARKETING_VERSION = 1.0;
				PRODUCT_BUNDLE_IDENTIFIER = Bhumika.PrivateFileSharingApp;
				PRODUCT_NAME = "$(TARGET_NAME)";
				SWIFT_EMIT_LOC_STRINGS = YES;
				SWIFT_VERSION = 5.0;
				TARGETED_DEVICE_FAMILY = "1,2";
			};
			name = Release;
		};
/* End XCBuildConfiguration section */

/* Begin XCConfigurationList section */
		ACA3D8A22959B7260031547C /* Build configuration list for PBXProject "PrivateFileSharingApp" */ = {
			isa = XCConfigurationList;
			buildConfigurations = (
				ACA3D8B32959B7280031547C /* Debug */,
				ACA3D8B42959B7280031547C /* Release */,
			);
			defaultConfigurationIsVisible = 0;
			defaultConfigurationName = Release;
		};
		ACA3D8B52959B7280031547C /* Build configuration list for PBXNativeTarget "PrivateFileSharingApp" */ = {
			isa = XCConfigurationList;
			buildConfigurations = (
				ACA3D8B62959B7280031547C /* Debug */,
				ACA3D8B72959B7280031547C /* Release */,
			);
			defaultConfigurationIsVisible = 0;
			defaultConfigurationName = Release;
		};
/* End XCConfigurationList section */
	};
	rootObject = ACA3D89F2959B7260031547C /* Project object */;
}
